
Microsoft Visual Studio Solution File, Format Version 12.00
# Visual Studio 2013
VisualStudioVersion = 12.0.31101.0
MinimumVisualStudioVersion = 10.0.40219.1
Project("{FAE04EC0-301F-11D3-BF4B-00C04F79EFBC}") = "LMSProject", "LMSProject\LMSProject.csproj", "{2F5CF8A7-A47D-4AAE-B510-7D48155BFA8D}"
EndProject
Project("{FAE04EC0-301F-11D3-BF4B-00C04F79EFBC}") = "LMSProject.Tests", "LMSProject.Tests\LMSProject.Tests.csproj", "{1B7A10CF-668A-4E25-B9AA-1FC137A6FAD4}"
EndProject
Global
	GlobalSection(SolutionConfigurationPlatforms) = preSolution
		Debug|Any CPU = Debug|Any CPU
		Release|Any CPU = Release|Any CPU
	EndGlobalSection
	GlobalSection(ProjectConfigurationPlatforms) = postSolution
		{2F5CF8A7-A47D-4AAE-B510-7D48155BFA8D}.Debug|Any CPU.ActiveCfg = Debug|Any CPU
		{2F5CF8A7-A47D-4AAE-B510-7D48155BFA8D}.Debug|Any CPU.Build.0 = Debug|Any CPU
		{2F5CF8A7-A47D-4AAE-B510-7D48155BFA8D}.Release|Any CPU.ActiveCfg = Release|Any CPU
		{2F5CF8A7-A47D-4AAE-B510-7D48155BFA8D}.Release|Any CPU.Build.0 = Release|Any CPU
		{1B7A10CF-668A-4E25-B9AA-1FC137A6FAD4}.Debug|Any CPU.ActiveCfg = Debug|Any CPU
		{1B7A10CF-668A-4E25-B9AA-1FC137A6FAD4}.Debug|Any CPU.Build.0 = Debug|Any CPU
		{1B7A10CF-668A-4E25-B9AA-1FC137A6FAD4}.Release|Any CPU.ActiveCfg = Release|Any CPU
		{1B7A10CF-668A-4E25-B9AA-1FC137A6FAD4}.Release|Any CPU.Build.0 = Release|Any CPU
	EndGlobalSection
	GlobalSection(SolutionProperties) = preSolution
		HideSolutionNode = FALSE
	EndGlobalSection
EndGlobal
